
Microsoft Visual Studio Solution File, Format Version 12.00
# Visual Studio Version 17
VisualStudioVersion = 17.9.34728.123
MinimumVisualStudioVersion = 10.0.40219.1
Project("{FAE04EC0-301F-11D3-BF4B-00C04F79EFBC}") = "FetchNewsProject", "FetchNewsProject\FetchNewsProject.csproj", "{7FAA59D3-2590-4C0C-A2AE-B23EA6382453}"
EndProject
Global
	GlobalSection(SolutionConfigurationPlatforms) = preSolution
		Debug|Any CPU = Debug|Any CPU
		Release|Any CPU = Release|Any CPU
	EndGlobalSection
	GlobalSection(ProjectConfigurationPlatforms) = postSolution
		{7FAA59D3-2590-4C0C-A2AE-B23EA6382453}.Debug|Any CPU.ActiveCfg = Debug|Any CPU
		{7FAA59D3-2590-4C0C-A2AE-B23EA6382453}.Debug|Any CPU.Build.0 = Debug|Any CPU
		{7FAA59D3-2590-4C0C-A2AE-B23EA6382453}.Release|Any CPU.ActiveCfg = Release|Any CPU
		{7FAA59D3-2590-4C0C-A2AE-B23EA6382453}.Release|Any CPU.Build.0 = Release|Any CPU
	EndGlobalSection
	GlobalSection(SolutionProperties) = preSolution
		HideSolutionNode = FALSE
	EndGlobalSection
	GlobalSection(ExtensibilityGlobals) = postSolution
		SolutionGuid = {22C7801C-2A14-4F11-8B9A-7B8EB69E7AEC}
	EndGlobalSection
EndGlobal
